
Microsoft Visual Studio Solution File, Format Version 12.00
# Visual Studio 2015
Project("{FAE04EC0-301F-11D3-BF4B-00C04F79EFBC}") = "VuforiaCloudDBSample", "VuforiaCloudDBSample.csproj", "{18BB2EC4-94ED-C833-DCDC-2B854770A6A0}"
EndProject
Project("{FAE04EC0-301F-11D3-BF4B-00C04F79EFBC}") = "VuforiaCloudDBSample.Editor", "VuforiaCloudDBSample.Editor.csproj", "{ED37E1F5-9787-7DB0-90C3-6AE7796E3F84}"
EndProject
Global
	GlobalSection(SolutionConfigurationPlatforms) = preSolution
		Debug|Any CPU = Debug|Any CPU
		Release|Any CPU = Release|Any CPU
	EndGlobalSection
	GlobalSection(ProjectConfigurationPlatforms) = postSolution
		{18BB2EC4-94ED-C833-DCDC-2B854770A6A0}.Debug|Any CPU.ActiveCfg = Debug|Any CPU
		{18BB2EC4-94ED-C833-DCDC-2B854770A6A0}.Debug|Any CPU.Build.0 = Debug|Any CPU
		{18BB2EC4-94ED-C833-DCDC-2B854770A6A0}.Release|Any CPU.ActiveCfg = Release|Any CPU
		{18BB2EC4-94ED-C833-DCDC-2B854770A6A0}.Release|Any CPU.Build.0 = Release|Any CPU
		{ED37E1F5-9787-7DB0-90C3-6AE7796E3F84}.Debug|Any CPU.ActiveCfg = Debug|Any CPU
		{ED37E1F5-9787-7DB0-90C3-6AE7796E3F84}.Debug|Any CPU.Build.0 = Debug|Any CPU
		{ED37E1F5-9787-7DB0-90C3-6AE7796E3F84}.Release|Any CPU.ActiveCfg = Release|Any CPU
		{ED37E1F5-9787-7DB0-90C3-6AE7796E3F84}.Release|Any CPU.Build.0 = Release|Any CPU
	EndGlobalSection
	GlobalSection(SolutionProperties) = preSolution
		HideSolutionNode = FALSE
	EndGlobalSection
EndGlobal
